{
  "name": "@slaveoftime/oly",
  "version": "0.1.0",
  "lockfileVersion": 3,
  "requires": true,
  "packages": {
    "": {
      "name": "@slaveoftime/oly",
      "version": "0.1.0",
      "cpu": [
        "x64",
        "arm64"
      ],
      "license": "MIT",
      "os": [
        "linux",
        "darwin",
        "win32"
      ],
      "bin": {
        "oly": "bin/oly.js"
      },
      "engines": {
        "node": ">=18"
      }
    }
  }
}
